// !$*UTF8*$!
{
	archiveVersion = 1;
	classes = {
	};
	objectVersion = 56;
	objects = {

/* Begin PBXBuildFile section */
		1B1F547229C34AB9007338CE /* AdaptlyPurchaseApp.swift in Sources */ = {isa = PBXBuildFile; fileRef = 1B1F547129C34AB9007338CE /* AdaptlyPurchaseApp.swift */; };
		1B1F547429C34AB9007338CE /* ContentView.swift in Sources */ = {isa = PBXBuildFile; fileRef = 1B1F547329C34AB9007338CE /* ContentView.swift */; };
		1B1F547629C34ABC007338CE /* Assets.xcassets in Resources */ = {isa = PBXBuildFile; fileRef = 1B1F547529C34ABC007338CE /* Assets.xcassets */; };
		1B1F547929C34ABC007338CE /* Preview Assets.xcassets in Resources */ = {isa = PBXBuildFile; fileRef = 1B1F547829C34ABC007338CE /* Preview Assets.xcassets */; };
		1B4BF68C29CDDDBB007CF3BE /* ProductView.swift in Sources */ = {isa = PBXBuildFile; fileRef = 1B4BF68B29CDDDBB007CF3BE /* ProductView.swift */; };
		1B6B47F029CCAE490052E1A7 /* SupportView.swift in Sources */ = {isa = PBXBuildFile; fileRef = 1B6B47EF29CCAE490052E1A7 /* SupportView.swift */; };
		1B6B47F229CCFA3D0052E1A7 /* StoreKit.framework in Frameworks */ = {isa = PBXBuildFile; fileRef = 1B6B47F129CCFA3D0052E1A7 /* StoreKit.framework */; };
		1B6E01B629C9187E00A1BE3C /* Store.swift in Sources */ = {isa = PBXBuildFile; fileRef = 1B6E01B529C9187E00A1BE3C /* Store.swift */; };
		1BAABFFB29DA42DE00B38E1C /* RefundView.swift in Sources */ = {isa = PBXBuildFile; fileRef = 1BAABFFA29DA42DE00B38E1C /* RefundView.swift */; };
		1BAD2E5D29D0BD1F00341811 /* Persistence.swift in Sources */ = {isa = PBXBuildFile; fileRef = 1BAD2E5C29D0BD1F00341811 /* Persistence.swift */; };
/* End PBXBuildFile section */

/* Begin PBXFileReference section */
		1B1F546E29C34AB9007338CE /* AdaptyPurchase.app */ = {isa = PBXFileReference; explicitFileType = wrapper.application; includeInIndex = 0; path = AdaptyPurchase.app; sourceTree = BUILT_PRODUCTS_DIR; };
		1B1F547129C34AB9007338CE /* AdaptlyPurchaseApp.swift */ = {isa = PBXFileReference; lastKnownFileType = sourcecode.swift; path = AdaptlyPurchaseApp.swift; sourceTree = "<group>"; };
		1B1F547329C34AB9007338CE /* ContentView.swift */ = {isa = PBXFileReference; lastKnownFileType = sourcecode.swift; path = ContentView.swift; sourceTree = "<group>"; };
		1B1F547529C34ABC007338CE /* Assets.xcassets */ = {isa = PBXFileReference; lastKnownFileType = folder.assetcatalog; path = Assets.xcassets; sourceTree = "<group>"; };
		1B1F547829C34ABC007338CE /* Preview Assets.xcassets */ = {isa = PBXFileReference; lastKnownFileType = folder.assetcatalog; path = "Preview Assets.xcassets"; sourceTree = "<group>"; };
		1B4BF68B29CDDDBB007CF3BE /* ProductView.swift */ = {isa = PBXFileReference; lastKnownFileType = sourcecode.swift; path = ProductView.swift; sourceTree = "<group>"; };
		1B6B47EF29CCAE490052E1A7 /* SupportView.swift */ = {isa = PBXFileReference; lastKnownFileType = sourcecode.swift; path = SupportView.swift; sourceTree = "<group>"; };
		1B6B47F129CCFA3D0052E1A7 /* StoreKit.framework */ = {isa = PBXFileReference; lastKnownFileType = wrapper.framework; name = StoreKit.framework; path = System/Library/Frameworks/StoreKit.framework; sourceTree = SDKROOT; };
		1B6E01B529C9187E00A1BE3C /* Store.swift */ = {isa = PBXFileReference; lastKnownFileType = sourcecode.swift; path = Store.swift; sourceTree = "<group>"; };
		1BAABFFA29DA42DE00B38E1C /* RefundView.swift */ = {isa = PBXFileReference; lastKnownFileType = sourcecode.swift; path = RefundView.swift; sourceTree = "<group>"; };
		1BAD2E5C29D0BD1F00341811 /* Persistence.swift */ = {isa = PBXFileReference; lastKnownFileType = sourcecode.swift; path = Persistence.swift; sourceTree = "<group>"; };
		1BAD2E5E29D0CAF100341811 /* SyncedProducts.storekit */ = {isa = PBXFileReference; lastKnownFileType = text; path = SyncedProducts.storekit; sourceTree = "<group>"; };
		1BCF9E0D29CDC1300027D8F3 /* Products.storekit */ = {isa = PBXFileReference; lastKnownFileType = text; path = Products.storekit; sourceTree = "<group>"; };
/* End PBXFileReference section */

/* Begin PBXFrameworksBuildPhase section */
		1B1F546B29C34AB9007338CE /* Frameworks */ = {
			isa = PBXFrameworksBuildPhase;
			buildActionMask = 2147483647;
			files = (
				1B6B47F229CCFA3D0052E1A7 /* StoreKit.framework in Frameworks */,
			);
			runOnlyForDeploymentPostprocessing = 0;
		};
/* End PBXFrameworksBuildPhase section */

/* Begin PBXGroup section */
		1B1F546529C34AB9007338CE = {
			isa = PBXGroup;
			children = (
				1B1F547029C34AB9007338CE /* AdaptyPurchase */,
				1B1F546F29C34AB9007338CE /* Products */,
				1B6E01B229C9117D00A1BE3C /* Frameworks */,
			);
			sourceTree = "<group>";
		};
		1B1F546F29C34AB9007338CE /* Products */ = {
			isa = PBXGroup;
			children = (
				1B1F546E29C34AB9007338CE /* AdaptyPurchase.app */,
			);
			name = Products;
			sourceTree = "<group>";
		};
		1B1F547029C34AB9007338CE /* AdaptyPurchase */ = {
			isa = PBXGroup;
			children = (
				1B1F547129C34AB9007338CE /* AdaptlyPurchaseApp.swift */,
				1BAD2E5C29D0BD1F00341811 /* Persistence.swift */,
				1B1F547329C34AB9007338CE /* ContentView.swift */,
				1B4BF68B29CDDDBB007CF3BE /* ProductView.swift */,
				1B6E01B529C9187E00A1BE3C /* Store.swift */,
				1B6B47EF29CCAE490052E1A7 /* SupportView.swift */,
				1BAABFFA29DA42DE00B38E1C /* RefundView.swift */,
				1B1F547529C34ABC007338CE /* Assets.xcassets */,
				1B1F547729C34ABC007338CE /* Preview Content */,
				1BCF9E0D29CDC1300027D8F3 /* Products.storekit */,
				1BAD2E5E29D0CAF100341811 /* SyncedProducts.storekit */,
			);
			path = AdaptyPurchase;
			sourceTree = "<group>";
		};
		1B1F547729C34ABC007338CE /* Preview Content */ = {
			isa = PBXGroup;
			children = (
				1B1F547829C34ABC007338CE /* Preview Assets.xcassets */,
			);
			path = "Preview Content";
			sourceTree = "<group>";
		};
		1B6E01B229C9117D00A1BE3C /* Frameworks */ = {
			isa = PBXGroup;
			children = (
				1B6B47F129CCFA3D0052E1A7 /* StoreKit.framework */,
			);
			name = Frameworks;
			sourceTree = "<group>";
		};
/* End PBXGroup section */

/* Begin PBXNativeTarget section */
		1B1F546D29C34AB9007338CE /* AdaptyPurchase */ = {
			isa = PBXNativeTarget;
			buildConfigurationList = 1B1F547C29C34ABC007338CE /* Build configuration list for PBXNativeTarget "AdaptyPurchase" */;
			buildPhases = (
				1B1F546A29C34AB9007338CE /* Sources */,
				1B1F546B29C34AB9007338CE /* Frameworks */,
				1B1F546C29C34AB9007338CE /* Resources */,
			);
			buildRules = (
			);
			dependencies = (
			);
			name = AdaptyPurchase;
			productName = AdaptlyPurchase;
			productReference = 1B1F546E29C34AB9007338CE /* AdaptyPurchase.app */;
			productType = "com.apple.product-type.application";
		};
/* End PBXNativeTarget section */

/* Begin PBXProject section */
		1B1F546629C34AB9007338CE /* Project object */ = {
			isa = PBXProject;
			attributes = {
				BuildIndependentTargetsInParallel = 1;
				LastSwiftUpdateCheck = 1420;
				LastUpgradeCheck = 1420;
				TargetAttributes = {
					1B1F546D29C34AB9007338CE = {
						CreatedOnToolsVersion = 14.2;
					};
				};
			};
			buildConfigurationList = 1B1F546929C34AB9007338CE /* Build configuration list for PBXProject "AdaptyPurchase" */;
			compatibilityVersion = "Xcode 14.0";
			developmentRegion = en;
			hasScannedForEncodings = 0;
			knownRegions = (
				en,
				Base,
			);
			mainGroup = 1B1F546529C34AB9007338CE;
			productRefGroup = 1B1F546F29C34AB9007338CE /* Products */;
			projectDirPath = "";
			projectRoot = "";
			targets = (
				1B1F546D29C34AB9007338CE /* AdaptyPurchase */,
			);
		};
/* End PBXProject section */

/* Begin PBXResourcesBuildPhase section */
		1B1F546C29C34AB9007338CE /* Resources */ = {
			isa = PBXResourcesBuildPhase;
			buildActionMask = 2147483647;
			files = (
				1B1F547929C34ABC007338CE /* Preview Assets.xcassets in Resources */,
				1B1F547629C34ABC007338CE /* Assets.xcassets in Resources */,
			);
			runOnlyForDeploymentPostprocessing = 0;
		};
/* End PBXResourcesBuildPhase section */

/* Begin PBXSourcesBuildPhase section */
		1B1F546A29C34AB9007338CE /* Sources */ = {
			isa = PBXSourcesBuildPhase;
			buildActionMask = 2147483647;
			files = (
				1B6B47F029CCAE490052E1A7 /* SupportView.swift in Sources */,
				1B6E01B629C9187E00A1BE3C /* Store.swift in Sources */,
				1BAABFFB29DA42DE00B38E1C /* RefundView.swift in Sources */,
				1B1F547429C34AB9007338CE /* ContentView.swift in Sources */,
				1BAD2E5D29D0BD1F00341811 /* Persistence.swift in Sources */,
				1B4BF68C29CDDDBB007CF3BE /* ProductView.swift in Sources */,
				1B1F547229C34AB9007338CE /* AdaptlyPurchaseApp.swift in Sources */,
			);
			runOnlyForDeploymentPostprocessing = 0;
		};
/* End PBXSourcesBuildPhase section */

/* Begin XCBuildConfiguration section */
		1B1F547A29C34ABC007338CE /* Debug */ = {
			isa = XCBuildConfiguration;
			buildSettings = {
				ALWAYS_SEARCH_USER_PATHS = NO;
				CLANG_ANALYZER_NONNULL = YES;
				CLANG_ANALYZER_NUMBER_OBJECT_CONVERSION = YES_AGGRESSIVE;
				CLANG_CXX_LANGUAGE_STANDARD = "gnu++20";
				CLANG_ENABLE_MODULES = YES;
				CLANG_ENABLE_OBJC_ARC = YES;
				CLANG_ENABLE_OBJC_WEAK = YES;
				CLANG_WARN_BLOCK_CAPTURE_AUTORELEASING = YES;
				CLANG_WARN_BOOL_CONVERSION = YES;
				CLANG_WARN_COMMA = YES;
				CLANG_WARN_CONSTANT_CONVERSION = YES;
				CLANG_WARN_DEPRECATED_OBJC_IMPLEMENTATIONS = YES;
				CLANG_WARN_DIRECT_OBJC_ISA_USAGE = YES_ERROR;
				CLANG_WARN_DOCUMENTATION_COMMENTS = YES;
				CLANG_WARN_EMPTY_BODY = YES;
				CLANG_WARN_ENUM_CONVERSION = YES;
				CLANG_WARN_INFINITE_RECURSION = YES;
				CLANG_WARN_INT_CONVERSION = YES;
				CLANG_WARN_NON_LITERAL_NULL_CONVERSION = YES;
				CLANG_WARN_OBJC_IMPLICIT_RETAIN_SELF = YES;
				CLANG_WARN_OBJC_LITERAL_CONVERSION = YES;
				CLANG_WARN_OBJC_ROOT_CLASS = YES_ERROR;
				CLANG_WARN_QUOTED_INCLUDE_IN_FRAMEWORK_HEADER = YES;
				CLANG_WARN_RANGE_LOOP_ANALYSIS = YES;
				CLANG_WARN_STRICT_PROTOTYPES = YES;
				CLANG_WARN_SUSPICIOUS_MOVE = YES;
				CLANG_WARN_UNGUARDED_AVAILABILITY = YES_AGGRESSIVE;
				CLANG_WARN_UNREACHABLE_CODE = YES;
				CLANG_WARN__DUPLICATE_METHOD_MATCH = YES;
				COPY_PHASE_STRIP = NO;
				DEBUG_INFORMATION_FORMAT = dwarf;
				ENABLE_STRICT_OBJC_MSGSEND = YES;
				ENABLE_TESTABILITY = YES;
				GCC_C_LANGUAGE_STANDARD = gnu11;
				GCC_DYNAMIC_NO_PIC = NO;
				GCC_NO_COMMON_BLOCKS = YES;
				GCC_OPTIMIZATION_LEVEL = 0;
				GCC_PREPROCESSOR_DEFINITIONS = (
					"DEBUG=1",
					"$(inherited)",
				);
				GCC_WARN_64_TO_32_BIT_CONVERSION = YES;
				GCC_WARN_ABOUT_RETURN_TYPE = YES_ERROR;
				GCC_WARN_UNDECLARED_SELECTOR = YES;
				GCC_WARN_UNINITIALIZED_AUTOS = YES_AGGRESSIVE;
				GCC_WARN_UNUSED_FUNCTION = YES;
				GCC_WARN_UNUSED_VARIABLE = YES;
				IPHONEOS_DEPLOYMENT_TARGET = 16.2;
				MTL_ENABLE_DEBUG_INFO = INCLUDE_SOURCE;
				MTL_FAST_MATH = YES;
				ONLY_ACTIVE_ARCH = YES;
				SDKROOT = iphoneos;
				SWIFT_ACTIVE_COMPILATION_CONDITIONS = DEBUG;
				SWIFT_OPTIMIZATION_LEVEL = "-Onone";
			};
			name = Debug;
		};
		1B1F547B29C34ABC007338CE /* Release */ = {
			isa = XCBuildConfiguration;
			buildSettings = {
				ALWAYS_SEARCH_USER_PATHS = NO;
				CLANG_ANALYZER_NONNULL = YES;
				CLANG_ANALYZER_NUMBER_OBJECT_CONVERSION = YES_AGGRESSIVE;
				CLANG_CXX_LANGUAGE_STANDARD = "gnu++20";
				CLANG_ENABLE_MODULES = YES;
				CLANG_ENABLE_OBJC_ARC = YES;
				CLANG_ENABLE_OBJC_WEAK = YES;
				CLANG_WARN_BLOCK_CAPTURE_AUTORELEASING = YES;
				CLANG_WARN_BOOL_CONVERSION = YES;
				CLANG_WARN_COMMA = YES;
				CLANG_WARN_CONSTANT_CONVERSION = YES;
				CLANG_WARN_DEPRECATED_OBJC_IMPLEMENTATIONS = YES;
				CLANG_WARN_DIRECT_OBJC_ISA_USAGE = YES_ERROR;
				CLANG_WARN_DOCUMENTATION_COMMENTS = YES;
				CLANG_WARN_EMPTY_BODY = YES;
				CLANG_WARN_ENUM_CONVERSION = YES;
				CLANG_WARN_INFINITE_RECURSION = YES;
				CLANG_WARN_INT_CONVERSION = YES;
				CLANG_WARN_NON_LITERAL_NULL_CONVERSION = YES;
				CLANG_WARN_OBJC_IMPLICIT_RETAIN_SELF = YES;
				CLANG_WARN_OBJC_LITERAL_CONVERSION = YES;
				CLANG_WARN_OBJC_ROOT_CLASS = YES_ERROR;
				CLANG_WARN_QUOTED_INCLUDE_IN_FRAMEWORK_HEADER = YES;
				CLANG_WARN_RANGE_LOOP_ANALYSIS = YES;
				CLANG_WARN_STRICT_PROTOTYPES = YES;
				CLANG_WARN_SUSPICIOUS_MOVE = YES;
				CLANG_WARN_UNGUARDED_AVAILABILITY = YES_AGGRESSIVE;
				CLANG_WARN_UNREACHABLE_CODE = YES;
				CLANG_WARN__DUPLICATE_METHOD_MATCH = YES;
				COPY_PHASE_STRIP = NO;
				DEBUG_INFORMATION_FORMAT = "dwarf-with-dsym";
				ENABLE_NS_ASSERTIONS = NO;
				ENABLE_STRICT_OBJC_MSGSEND = YES;
				GCC_C_LANGUAGE_STANDARD = gnu11;
				GCC_NO_COMMON_BLOCKS = YES;
				GCC_WARN_64_TO_32_BIT_CONVERSION = YES;
				GCC_WARN_ABOUT_RETURN_TYPE = YES_ERROR;
				GCC_WARN_UNDECLARED_SELECTOR = YES;
				GCC_WARN_UNINITIALIZED_AUTOS = YES_AGGRESSIVE;
				GCC_WARN_UNUSED_FUNCTION = YES;
				GCC_WARN_UNUSED_VARIABLE = YES;
				IPHONEOS_DEPLOYMENT_TARGET = 16.2;
				MTL_ENABLE_DEBUG_INFO = NO;
				MTL_FAST_MATH = YES;
				SDKROOT = iphoneos;
				SWIFT_COMPILATION_MODE = wholemodule;
				SWIFT_OPTIMIZATION_LEVEL = "-O";
				VALIDATE_PRODUCT = YES;
			};
			name = Release;
		};
		1B1F547D29C34ABC007338CE /* Debug */ = {
			isa = XCBuildConfiguration;
			buildSettings = {
				ASSETCATALOG_COMPILER_APPICON_NAME = AppIcon;
				ASSETCATALOG_COMPILER_GLOBAL_ACCENT_COLOR_NAME = AccentColor;
				CODE_SIGN_IDENTITY = "Apple Development";
				CODE_SIGN_STYLE = Automatic;
				CURRENT_PROJECT_VERSION = 1;
				DEVELOPMENT_ASSET_PATHS = "\"AdaptyPurchase/Preview Content\"";
				DEVELOPMENT_TEAM = "";
				ENABLE_PREVIEWS = YES;
				GENERATE_INFOPLIST_FILE = YES;
				INFOPLIST_KEY_UIApplicationSceneManifest_Generation = YES;
				INFOPLIST_KEY_UIApplicationSupportsIndirectInputEvents = YES;
				INFOPLIST_KEY_UILaunchScreen_Generation = YES;
				INFOPLIST_KEY_UISupportedInterfaceOrientations_iPad = "UIInterfaceOrientationPortrait UIInterfaceOrientationPortraitUpsideDown UIInterfaceOrientationLandscapeLeft UIInterfaceOrientationLandscapeRight";
				INFOPLIST_KEY_UISupportedInterfaceOrientations_iPhone = "UIInterfaceOrientationPortrait UIInterfaceOrientationLandscapeLeft UIInterfaceOrientationLandscapeRight";
				IPHONEOS_DEPLOYMENT_TARGET = 16.0;
				LD_RUNPATH_SEARCH_PATHS = (
					"$(inherited)",
					"@executable_path/Frameworks",
				);
				MARKETING_VERSION = 1.0;
				PRODUCT_BUNDLE_IDENTIFIER = com.adapty.IAPUnboxing;
				PRODUCT_NAME = "$(TARGET_NAME)";
				PROVISIONING_PROFILE_SPECIFIER = "";
				SWIFT_EMIT_LOC_STRINGS = YES;
				SWIFT_VERSION = 5.0;
				TARGETED_DEVICE_FAMILY = "1,2";
			};
			name = Debug;
		};
		1B1F547E29C34ABC007338CE /* Release */ = {
			isa = XCBuildConfiguration;
			buildSettings = {
				ASSETCATALOG_COMPILER_APPICON_NAME = AppIcon;
				ASSETCATALOG_COMPILER_GLOBAL_ACCENT_COLOR_NAME = AccentColor;
				CODE_SIGN_IDENTITY = "Apple Development";
				CODE_SIGN_STYLE = Automatic;
				CURRENT_PROJECT_VERSION = 1;
				DEVELOPMENT_ASSET_PATHS = "\"AdaptyPurchase/Preview Content\"";
				DEVELOPMENT_TEAM = "";
				ENABLE_PREVIEWS = YES;
				GENERATE_INFOPLIST_FILE = YES;
				INFOPLIST_KEY_UIApplicationSceneManifest_Generation = YES;
				INFOPLIST_KEY_UIApplicationSupportsIndirectInputEvents = YES;
				INFOPLIST_KEY_UILaunchScreen_Generation = YES;
				INFOPLIST_KEY_UISupportedInterfaceOrientations_iPad = "UIInterfaceOrientationPortrait UIInterfaceOrientationPortraitUpsideDown UIInterfaceOrientationLandscapeLeft UIInterfaceOrientationLandscapeRight";
				INFOPLIST_KEY_UISupportedInterfaceOrientations_iPhone = "UIInterfaceOrientationPortrait UIInterfaceOrientationLandscapeLeft UIInterfaceOrientationLandscapeRight";
				IPHONEOS_DEPLOYMENT_TARGET = 16.0;
				LD_RUNPATH_SEARCH_PATHS = (
					"$(inherited)",
					"@executable_path/Frameworks",
				);
				MARKETING_VERSION = 1.0;
				PRODUCT_BUNDLE_IDENTIFIER = com.adapty.IAPUnboxing;
				PRODUCT_NAME = "$(TARGET_NAME)";
				PROVISIONING_PROFILE_SPECIFIER = "";
				SWIFT_EMIT_LOC_STRINGS = YES;
				SWIFT_VERSION = 5.0;
				TARGETED_DEVICE_FAMILY = "1,2";
			};
			name = Release;
		};
/* End XCBuildConfiguration section */

/* Begin XCConfigurationList section */
		1B1F546929C34AB9007338CE /* Build configuration list for PBXProject "AdaptyPurchase" */ = {
			isa = XCConfigurationList;
			buildConfigurations = (
				1B1F547A29C34ABC007338CE /* Debug */,
				1B1F547B29C34ABC007338CE /* Release */,
			);
			defaultConfigurationIsVisible = 0;
			defaultConfigurationName = Release;
		};
		1B1F547C29C34ABC007338CE /* Build configuration list for PBXNativeTarget "AdaptyPurchase" */ = {
			isa = XCConfigurationList;
			buildConfigurations = (
				1B1F547D29C34ABC007338CE /* Debug */,
				1B1F547E29C34ABC007338CE /* Release */,
			);
			defaultConfigurationIsVisible = 0;
			defaultConfigurationName = Release;
		};
/* End XCConfigurationList section */
	};
	rootObject = 1B1F546629C34AB9007338CE /* Project object */;
}
